
Microsoft Visual Studio Solution File, Format Version 12.00
# Visual Studio Version 17
VisualStudioVersion = 17.8.34525.116
MinimumVisualStudioVersion = 10.0.40219.1
Project("{9A19103F-16F7-4668-BE54-9A1E7A4F7556}") = "Umka", "Umka\Umka.csproj", "{0B2CA29C-9033-418D-A086-30E257AAB426}"
EndProject
Project("{9A19103F-16F7-4668-BE54-9A1E7A4F7556}") = "BusinessLogic", "BusinessLogic\BusinessLogic.csproj", "{1F5F5B4E-E0BE-4B85-A05F-7E46640B6969}"
EndProject
Project("{9A19103F-16F7-4668-BE54-9A1E7A4F7556}") = "Data", "Data\Data.csproj", "{1EEA81AF-1928-4F79-8D61-0ED7F98EB7B9}"
EndProject
Project("{2150E333-8FDC-42A3-9474-1A3956D46DE8}") = "Элементы решения", "Элементы решения", "{B2497566-85D8-4788-8C22-B63A79218918}"
	ProjectSection(SolutionItems) = preProject
		docker-compose.yaml = docker-compose.yaml
	EndProjectSection
EndProject
Global
	GlobalSection(SolutionConfigurationPlatforms) = preSolution
		Debug|Any CPU = Debug|Any CPU
		Release|Any CPU = Release|Any CPU
	EndGlobalSection
	GlobalSection(ProjectConfigurationPlatforms) = postSolution
		{0B2CA29C-9033-418D-A086-30E257AAB426}.Debug|Any CPU.ActiveCfg = Debug|Any CPU
		{0B2CA29C-9033-418D-A086-30E257AAB426}.Debug|Any CPU.Build.0 = Debug|Any CPU
		{0B2CA29C-9033-418D-A086-30E257AAB426}.Release|Any CPU.ActiveCfg = Release|Any CPU
		{0B2CA29C-9033-418D-A086-30E257AAB426}.Release|Any CPU.Build.0 = Release|Any CPU
		{1F5F5B4E-E0BE-4B85-A05F-7E46640B6969}.Debug|Any CPU.ActiveCfg = Debug|Any CPU
		{1F5F5B4E-E0BE-4B85-A05F-7E46640B6969}.Debug|Any CPU.Build.0 = Debug|Any CPU
		{1F5F5B4E-E0BE-4B85-A05F-7E46640B6969}.Release|Any CPU.ActiveCfg = Release|Any CPU
		{1F5F5B4E-E0BE-4B85-A05F-7E46640B6969}.Release|Any CPU.Build.0 = Release|Any CPU
		{1EEA81AF-1928-4F79-8D61-0ED7F98EB7B9}.Debug|Any CPU.ActiveCfg = Debug|Any CPU
		{1EEA81AF-1928-4F79-8D61-0ED7F98EB7B9}.Debug|Any CPU.Build.0 = Debug|Any CPU
		{1EEA81AF-1928-4F79-8D61-0ED7F98EB7B9}.Release|Any CPU.ActiveCfg = Release|Any CPU
		{1EEA81AF-1928-4F79-8D61-0ED7F98EB7B9}.Release|Any CPU.Build.0 = Release|Any CPU
	EndGlobalSection
	GlobalSection(SolutionProperties) = preSolution
		HideSolutionNode = FALSE
	EndGlobalSection
	GlobalSection(ExtensibilityGlobals) = postSolution
		SolutionGuid = {645336BC-59B4-44DB-A953-3B14FF39E187}
	EndGlobalSection
EndGlobal
